// !$*UTF8*$!
{
	archiveVersion = 1;
	classes = {
	};
	objectVersion = 46;
	objects = {

/* Begin PBXBuildFile section */
		D080C97E17FAC45D00488158 /* Foundation.framework in Frameworks */ = {isa = PBXBuildFile; fileRef = D080C97D17FAC45D00488158 /* Foundation.framework */; };
		D080C98017FAC45D00488158 /* CoreGraphics.framework in Frameworks */ = {isa = PBXBuildFile; fileRef = D080C97F17FAC45D00488158 /* CoreGraphics.framework */; };
		D080C98217FAC45D00488158 /* UIKit.framework in Frameworks */ = {isa = PBXBuildFile; fileRef = D080C98117FAC45D00488158 /* UIKit.framework */; };
		D080C98817FAC45D00488158 /* InfoPlist.strings in Resources */ = {isa = PBXBuildFile; fileRef = D080C98617FAC45D00488158 /* InfoPlist.strings */; };
		D080C98A17FAC45D00488158 /* main.m in Sources */ = {isa = PBXBuildFile; fileRef = D080C98917FAC45D00488158 /* main.m */; };
		D080C98E17FAC45D00488158 /* bl_AppDelegate.m in Sources */ = {isa = PBXBuildFile; fileRef = D080C98D17FAC45D00488158 /* bl_AppDelegate.m */; };
		D080C99017FAC45D00488158 /* Images.xcassets in Resources */ = {isa = PBXBuildFile; fileRef = D080C98F17FAC45D00488158 /* Images.xcassets */; };
		D080C99717FAC45D00488158 /* XCTest.framework in Frameworks */ = {isa = PBXBuildFile; fileRef = D080C99617FAC45D00488158 /* XCTest.framework */; };
		D080C99817FAC45D00488158 /* Foundation.framework in Frameworks */ = {isa = PBXBuildFile; fileRef = D080C97D17FAC45D00488158 /* Foundation.framework */; };
		D080C99917FAC45D00488158 /* UIKit.framework in Frameworks */ = {isa = PBXBuildFile; fileRef = D080C98117FAC45D00488158 /* UIKit.framework */; };
		D080C9A117FAC45D00488158 /* InfoPlist.strings in Resources */ = {isa = PBXBuildFile; fileRef = D080C99F17FAC45D00488158 /* InfoPlist.strings */; };
		D080C9A317FAC45D00488158 /* bukalapakTests.m in Sources */ = {isa = PBXBuildFile; fileRef = D080C9A217FAC45D00488158 /* bukalapakTests.m */; };
/* End PBXBuildFile section */

/* Begin PBXContainerItemProxy section */
		D080C99A17FAC45D00488158 /* PBXContainerItemProxy */ = {
			isa = PBXContainerItemProxy;
			containerPortal = D080C97217FAC45D00488158 /* Project object */;
			proxyType = 1;
			remoteGlobalIDString = D080C97917FAC45D00488158;
			remoteInfo = bukalapak;
		};
/* End PBXContainerItemProxy section */

/* Begin PBXFileReference section */
		D080C97A17FAC45D00488158 /* bukalapak.app */ = {isa = PBXFileReference; explicitFileType = wrapper.application; includeInIndex = 0; path = bukalapak.app; sourceTree = BUILT_PRODUCTS_DIR; };
		D080C97D17FAC45D00488158 /* Foundation.framework */ = {isa = PBXFileReference; lastKnownFileType = wrapper.framework; name = Foundation.framework; path = System/Library/Frameworks/Foundation.framework; sourceTree = SDKROOT; };
		D080C97F17FAC45D00488158 /* CoreGraphics.framework */ = {isa = PBXFileReference; lastKnownFileType = wrapper.framework; name = CoreGraphics.framework; path = System/Library/Frameworks/CoreGraphics.framework; sourceTree = SDKROOT; };
		D080C98117FAC45D00488158 /* UIKit.framework */ = {isa = PBXFileReference; lastKnownFileType = wrapper.framework; name = UIKit.framework; path = System/Library/Frameworks/UIKit.framework; sourceTree = SDKROOT; };
		D080C98517FAC45D00488158 /* bukalapak-Info.plist */ = {isa = PBXFileReference; lastKnownFileType = text.plist.xml; path = "bukalapak-Info.plist"; sourceTree = "<group>"; };
		D080C98717FAC45D00488158 /* en */ = {isa = PBXFileReference; lastKnownFileType = text.plist.strings; name = en; path = en.lproj/InfoPlist.strings; sourceTree = "<group>"; };
		D080C98917FAC45D00488158 /* main.m */ = {isa = PBXFileReference; lastKnownFileType = sourcecode.c.objc; path = main.m; sourceTree = "<group>"; };
		D080C98B17FAC45D00488158 /* bukalapak-Prefix.pch */ = {isa = PBXFileReference; lastKnownFileType = sourcecode.c.h; path = "bukalapak-Prefix.pch"; sourceTree = "<group>"; };
		D080C98C17FAC45D00488158 /* bl_AppDelegate.h */ = {isa = PBXFileReference; lastKnownFileType = sourcecode.c.h; path = bl_AppDelegate.h; sourceTree = "<group>"; };
		D080C98D17FAC45D00488158 /* bl_AppDelegate.m */ = {isa = PBXFileReference; lastKnownFileType = sourcecode.c.objc; path = bl_AppDelegate.m; sourceTree = "<group>"; };
		D080C98F17FAC45D00488158 /* Images.xcassets */ = {isa = PBXFileReference; lastKnownFileType = folder.assetcatalog; path = Images.xcassets; sourceTree = "<group>"; };
		D080C99517FAC45D00488158 /* bukalapakTests.xctest */ = {isa = PBXFileReference; explicitFileType = wrapper.cfbundle; includeInIndex = 0; path = bukalapakTests.xctest; sourceTree = BUILT_PRODUCTS_DIR; };
		D080C99617FAC45D00488158 /* XCTest.framework */ = {isa = PBXFileReference; lastKnownFileType = wrapper.framework; name = XCTest.framework; path = Library/Frameworks/XCTest.framework; sourceTree = DEVELOPER_DIR; };
		D080C99E17FAC45D00488158 /* bukalapakTests-Info.plist */ = {isa = PBXFileReference; lastKnownFileType = text.plist.xml; path = "bukalapakTests-Info.plist"; sourceTree = "<group>"; };
		D080C9A017FAC45D00488158 /* en */ = {isa = PBXFileReference; lastKnownFileType = text.plist.strings; name = en; path = en.lproj/InfoPlist.strings; sourceTree = "<group>"; };
		D080C9A217FAC45D00488158 /* bukalapakTests.m */ = {isa = PBXFileReference; lastKnownFileType = sourcecode.c.objc; path = bukalapakTests.m; sourceTree = "<group>"; };
/* End PBXFileReference section */

/* Begin PBXFrameworksBuildPhase section */
		D080C97717FAC45D00488158 /* Frameworks */ = {
			isa = PBXFrameworksBuildPhase;
			buildActionMask = 2147483647;
			files = (
				D080C98017FAC45D00488158 /* CoreGraphics.framework in Frameworks */,
				D080C98217FAC45D00488158 /* UIKit.framework in Frameworks */,
				D080C97E17FAC45D00488158 /* Foundation.framework in Frameworks */,
			);
			runOnlyForDeploymentPostprocessing = 0;
		};
		D080C99217FAC45D00488158 /* Frameworks */ = {
			isa = PBXFrameworksBuildPhase;
			buildActionMask = 2147483647;
			files = (
				D080C99717FAC45D00488158 /* XCTest.framework in Frameworks */,
				D080C99917FAC45D00488158 /* UIKit.framework in Frameworks */,
				D080C99817FAC45D00488158 /* Foundation.framework in Frameworks */,
			);
			runOnlyForDeploymentPostprocessing = 0;
		};
/* End PBXFrameworksBuildPhase section */

/* Begin PBXGroup section */
		D080C97117FAC45D00488158 = {
			isa = PBXGroup;
			children = (
				D080C98317FAC45D00488158 /* bukalapak */,
				D080C99C17FAC45D00488158 /* bukalapakTests */,
				D080C97C17FAC45D00488158 /* Frameworks */,
				D080C97B17FAC45D00488158 /* Products */,
			);
			sourceTree = "<group>";
		};
		D080C97B17FAC45D00488158 /* Products */ = {
			isa = PBXGroup;
			children = (
				D080C97A17FAC45D00488158 /* bukalapak.app */,
				D080C99517FAC45D00488158 /* bukalapakTests.xctest */,
			);
			name = Products;
			sourceTree = "<group>";
		};
		D080C97C17FAC45D00488158 /* Frameworks */ = {
			isa = PBXGroup;
			children = (
				D080C97D17FAC45D00488158 /* Foundation.framework */,
				D080C97F17FAC45D00488158 /* CoreGraphics.framework */,
				D080C98117FAC45D00488158 /* UIKit.framework */,
				D080C99617FAC45D00488158 /* XCTest.framework */,
			);
			name = Frameworks;
			sourceTree = "<group>";
		};
		D080C98317FAC45D00488158 /* bukalapak */ = {
			isa = PBXGroup;
			children = (
				D080C98C17FAC45D00488158 /* bl_AppDelegate.h */,
				D080C98D17FAC45D00488158 /* bl_AppDelegate.m */,
				D080C98F17FAC45D00488158 /* Images.xcassets */,
				D080C98417FAC45D00488158 /* Supporting Files */,
			);
			path = bukalapak;
			sourceTree = "<group>";
		};
		D080C98417FAC45D00488158 /* Supporting Files */ = {
			isa = PBXGroup;
			children = (
				D080C98517FAC45D00488158 /* bukalapak-Info.plist */,
				D080C98617FAC45D00488158 /* InfoPlist.strings */,
				D080C98917FAC45D00488158 /* main.m */,
				D080C98B17FAC45D00488158 /* bukalapak-Prefix.pch */,
			);
			name = "Supporting Files";
			sourceTree = "<group>";
		};
		D080C99C17FAC45D00488158 /* bukalapakTests */ = {
			isa = PBXGroup;
			children = (
				D080C9A217FAC45D00488158 /* bukalapakTests.m */,
				D080C99D17FAC45D00488158 /* Supporting Files */,
			);
			path = bukalapakTests;
			sourceTree = "<group>";
		};
		D080C99D17FAC45D00488158 /* Supporting Files */ = {
			isa = PBXGroup;
			children = (
				D080C99E17FAC45D00488158 /* bukalapakTests-Info.plist */,
				D080C99F17FAC45D00488158 /* InfoPlist.strings */,
			);
			name = "Supporting Files";
			sourceTree = "<group>";
		};
/* End PBXGroup section */

/* Begin PBXNativeTarget section */
		D080C97917FAC45D00488158 /* bukalapak */ = {
			isa = PBXNativeTarget;
			buildConfigurationList = D080C9A617FAC45D00488158 /* Build configuration list for PBXNativeTarget "bukalapak" */;
			buildPhases = (
				D080C97617FAC45D00488158 /* Sources */,
				D080C97717FAC45D00488158 /* Frameworks */,
				D080C97817FAC45D00488158 /* Resources */,
			);
			buildRules = (
			);
			dependencies = (
			);
			name = bukalapak;
			productName = bukalapak;
			productReference = D080C97A17FAC45D00488158 /* bukalapak.app */;
			productType = "com.apple.product-type.application";
		};
		D080C99417FAC45D00488158 /* bukalapakTests */ = {
			isa = PBXNativeTarget;
			buildConfigurationList = D080C9A917FAC45D00488158 /* Build configuration list for PBXNativeTarget "bukalapakTests" */;
			buildPhases = (
				D080C99117FAC45D00488158 /* Sources */,
				D080C99217FAC45D00488158 /* Frameworks */,
				D080C99317FAC45D00488158 /* Resources */,
			);
			buildRules = (
			);
			dependencies = (
				D080C99B17FAC45D00488158 /* PBXTargetDependency */,
			);
			name = bukalapakTests;
			productName = bukalapakTests;
			productReference = D080C99517FAC45D00488158 /* bukalapakTests.xctest */;
			productType = "com.apple.product-type.bundle.unit-test";
		};
/* End PBXNativeTarget section */

/* Begin PBXProject section */
		D080C97217FAC45D00488158 /* Project object */ = {
			isa = PBXProject;
			attributes = {
				CLASSPREFIX = bl_;
				LastUpgradeCheck = 0500;
				ORGANIZATIONNAME = netra;
				TargetAttributes = {
					D080C99417FAC45D00488158 = {
						TestTargetID = D080C97917FAC45D00488158;
					};
				};
			};
			buildConfigurationList = D080C97517FAC45D00488158 /* Build configuration list for PBXProject "bukalapak" */;
			compatibilityVersion = "Xcode 3.2";
			developmentRegion = English;
			hasScannedForEncodings = 0;
			knownRegions = (
				en,
			);
			mainGroup = D080C97117FAC45D00488158;
			productRefGroup = D080C97B17FAC45D00488158 /* Products */;
			projectDirPath = "";
			projectRoot = "";
			targets = (
				D080C97917FAC45D00488158 /* bukalapak */,
				D080C99417FAC45D00488158 /* bukalapakTests */,
			);
		};
/* End PBXProject section */

/* Begin PBXResourcesBuildPhase section */
		D080C97817FAC45D00488158 /* Resources */ = {
			isa = PBXResourcesBuildPhase;
			buildActionMask = 2147483647;
			files = (
				D080C98817FAC45D00488158 /* InfoPlist.strings in Resources */,
				D080C99017FAC45D00488158 /* Images.xcassets in Resources */,
			);
			runOnlyForDeploymentPostprocessing = 0;
		};
		D080C99317FAC45D00488158 /* Resources */ = {
			isa = PBXResourcesBuildPhase;
			buildActionMask = 2147483647;
			files = (
				D080C9A117FAC45D00488158 /* InfoPlist.strings in Resources */,
			);
			runOnlyForDeploymentPostprocessing = 0;
		};
/* End PBXResourcesBuildPhase section */

/* Begin PBXSourcesBuildPhase section */
		D080C97617FAC45D00488158 /* Sources */ = {
			isa = PBXSourcesBuildPhase;
			buildActionMask = 2147483647;
			files = (
				D080C98E17FAC45D00488158 /* bl_AppDelegate.m in Sources */,
				D080C98A17FAC45D00488158 /* main.m in Sources */,
			);
			runOnlyForDeploymentPostprocessing = 0;
		};
		D080C99117FAC45D00488158 /* Sources */ = {
			isa = PBXSourcesBuildPhase;
			buildActionMask = 2147483647;
			files = (
				D080C9A317FAC45D00488158 /* bukalapakTests.m in Sources */,
			);
			runOnlyForDeploymentPostprocessing = 0;
		};
/* End PBXSourcesBuildPhase section */

/* Begin PBXTargetDependency section */
		D080C99B17FAC45D00488158 /* PBXTargetDependency */ = {
			isa = PBXTargetDependency;
			target = D080C97917FAC45D00488158 /* bukalapak */;
			targetProxy = D080C99A17FAC45D00488158 /* PBXContainerItemProxy */;
		};
/* End PBXTargetDependency section */

/* Begin PBXVariantGroup section */
		D080C98617FAC45D00488158 /* InfoPlist.strings */ = {
			isa = PBXVariantGroup;
			children = (
				D080C98717FAC45D00488158 /* en */,
			);
			name = InfoPlist.strings;
			sourceTree = "<group>";
		};
		D080C99F17FAC45D00488158 /* InfoPlist.strings */ = {
			isa = PBXVariantGroup;
			children = (
				D080C9A017FAC45D00488158 /* en */,
			);
			name = InfoPlist.strings;
			sourceTree = "<group>";
		};
/* End PBXVariantGroup section */

/* Begin XCBuildConfiguration section */
		D080C9A417FAC45D00488158 /* Debug */ = {
			isa = XCBuildConfiguration;
			buildSettings = {
				ALWAYS_SEARCH_USER_PATHS = NO;
				ARCHS = "$(ARCHS_STANDARD_INCLUDING_64_BIT)";
				CLANG_CXX_LANGUAGE_STANDARD = "gnu++0x";
				CLANG_CXX_LIBRARY = "libc++";
				CLANG_ENABLE_MODULES = YES;
				CLANG_ENABLE_OBJC_ARC = YES;
				CLANG_WARN_BOOL_CONVERSION = YES;
				CLANG_WARN_CONSTANT_CONVERSION = YES;
				CLANG_WARN_DIRECT_OBJC_ISA_USAGE = YES_ERROR;
				CLANG_WARN_EMPTY_BODY = YES;
				CLANG_WARN_ENUM_CONVERSION = YES;
				CLANG_WARN_INT_CONVERSION = YES;
				CLANG_WARN_OBJC_ROOT_CLASS = YES_ERROR;
				CLANG_WARN__DUPLICATE_METHOD_MATCH = YES;
				"CODE_SIGN_IDENTITY[sdk=iphoneos*]" = "iPhone Developer";
				COPY_PHASE_STRIP = NO;
				GCC_C_LANGUAGE_STANDARD = gnu99;
				GCC_DYNAMIC_NO_PIC = NO;
				GCC_OPTIMIZATION_LEVEL = 0;
				GCC_PREPROCESSOR_DEFINITIONS = (
					"DEBUG=1",
					"$(inherited)",
				);
				GCC_SYMBOLS_PRIVATE_EXTERN = NO;
				GCC_WARN_64_TO_32_BIT_CONVERSION = YES;
				GCC_WARN_ABOUT_RETURN_TYPE = YES_ERROR;
				GCC_WARN_UNDECLARED_SELECTOR = YES;
				GCC_WARN_UNINITIALIZED_AUTOS = YES;
				GCC_WARN_UNUSED_FUNCTION = YES;
				GCC_WARN_UNUSED_VARIABLE = YES;
				IPHONEOS_DEPLOYMENT_TARGET = 7.0;
				ONLY_ACTIVE_ARCH = YES;
				SDKROOT = iphoneos;
			};
			name = Debug;
		};
		D080C9A517FAC45D00488158 /* Release */ = {
			isa = XCBuildConfiguration;
			buildSettings = {
				ALWAYS_SEARCH_USER_PATHS = NO;
				ARCHS = "$(ARCHS_STANDARD_INCLUDING_64_BIT)";
				CLANG_CXX_LANGUAGE_STANDARD = "gnu++0x";
				CLANG_CXX_LIBRARY = "libc++";
				CLANG_ENABLE_MODULES = YES;
				CLANG_ENABLE_OBJC_ARC = YES;
				CLANG_WARN_BOOL_CONVERSION = YES;
				CLANG_WARN_CONSTANT_CONVERSION = YES;
				CLANG_WARN_DIRECT_OBJC_ISA_USAGE = YES_ERROR;
				CLANG_WARN_EMPTY_BODY = YES;
				CLANG_WARN_ENUM_CONVERSION = YES;
				CLANG_WARN_INT_CONVERSION = YES;
				CLANG_WARN_OBJC_ROOT_CLASS = YES_ERROR;
				CLANG_WARN__DUPLICATE_METHOD_MATCH = YES;
				"CODE_SIGN_IDENTITY[sdk=iphoneos*]" = "iPhone Developer";
				COPY_PHASE_STRIP = YES;
				ENABLE_NS_ASSERTIONS = NO;
				GCC_C_LANGUAGE_STANDARD = gnu99;
				GCC_WARN_64_TO_32_BIT_CONVERSION = YES;
				GCC_WARN_ABOUT_RETURN_TYPE = YES_ERROR;
				GCC_WARN_UNDECLARED_SELECTOR = YES;
				GCC_WARN_UNINITIALIZED_AUTOS = YES;
				GCC_WARN_UNUSED_FUNCTION = YES;
				GCC_WARN_UNUSED_VARIABLE = YES;
				IPHONEOS_DEPLOYMENT_TARGET = 7.0;
				SDKROOT = iphoneos;
				VALIDATE_PRODUCT = YES;
			};
			name = Release;
		};
		D080C9A717FAC45D00488158 /* Debug */ = {
			isa = XCBuildConfiguration;
			buildSettings = {
				ASSETCATALOG_COMPILER_APPICON_NAME = AppIcon;
				ASSETCATALOG_COMPILER_LAUNCHIMAGE_NAME = LaunchImage;
				GCC_PRECOMPILE_PREFIX_HEADER = YES;
				GCC_PREFIX_HEADER = "bukalapak/bukalapak-Prefix.pch";
				INFOPLIST_FILE = "bukalapak/bukalapak-Info.plist";
				PRODUCT_NAME = "$(TARGET_NAME)";
				WRAPPER_EXTENSION = app;
			};
			name = Debug;
		};
		D080C9A817FAC45D00488158 /* Release */ = {
			isa = XCBuildConfiguration;
			buildSettings = {
				ASSETCATALOG_COMPILER_APPICON_NAME = AppIcon;
				ASSETCATALOG_COMPILER_LAUNCHIMAGE_NAME = LaunchImage;
				GCC_PRECOMPILE_PREFIX_HEADER = YES;
				GCC_PREFIX_HEADER = "bukalapak/bukalapak-Prefix.pch";
				INFOPLIST_FILE = "bukalapak/bukalapak-Info.plist";
				PRODUCT_NAME = "$(TARGET_NAME)";
				WRAPPER_EXTENSION = app;
			};
			name = Release;
		};
		D080C9AA17FAC45D00488158 /* Debug */ = {
			isa = XCBuildConfiguration;
			buildSettings = {
				ARCHS = "$(ARCHS_STANDARD_INCLUDING_64_BIT)";
				BUNDLE_LOADER = "$(BUILT_PRODUCTS_DIR)/bukalapak.app/bukalapak";
				FRAMEWORK_SEARCH_PATHS = (
					"$(SDKROOT)/Developer/Library/Frameworks",
					"$(inherited)",
					"$(DEVELOPER_FRAMEWORKS_DIR)",
				);
				GCC_PRECOMPILE_PREFIX_HEADER = YES;
				GCC_PREFIX_HEADER = "bukalapak/bukalapak-Prefix.pch";
				GCC_PREPROCESSOR_DEFINITIONS = (
					"DEBUG=1",
					"$(inherited)",
				);
				INFOPLIST_FILE = "bukalapakTests/bukalapakTests-Info.plist";
				PRODUCT_NAME = "$(TARGET_NAME)";
				TEST_HOST = "$(BUNDLE_LOADER)";
				WRAPPER_EXTENSION = xctest;
			};
			name = Debug;
		};
		D080C9AB17FAC45D00488158 /* Release */ = {
			isa = XCBuildConfiguration;
			buildSettings = {
				ARCHS = "$(ARCHS_STANDARD_INCLUDING_64_BIT)";
				BUNDLE_LOADER = "$(BUILT_PRODUCTS_DIR)/bukalapak.app/bukalapak";
				FRAMEWORK_SEARCH_PATHS = (
					"$(SDKROOT)/Developer/Library/Frameworks",
					"$(inherited)",
					"$(DEVELOPER_FRAMEWORKS_DIR)",
				);
				GCC_PRECOMPILE_PREFIX_HEADER = YES;
				GCC_PREFIX_HEADER = "bukalapak/bukalapak-Prefix.pch";
				INFOPLIST_FILE = "bukalapakTests/bukalapakTests-Info.plist";
				PRODUCT_NAME = "$(TARGET_NAME)";
				TEST_HOST = "$(BUNDLE_LOADER)";
				WRAPPER_EXTENSION = xctest;
			};
			name = Release;
		};
/* End XCBuildConfiguration section */

/* Begin XCConfigurationList section */
		D080C97517FAC45D00488158 /* Build configuration list for PBXProject "bukalapak" */ = {
			isa = XCConfigurationList;
			buildConfigurations = (
				D080C9A417FAC45D00488158 /* Debug */,
				D080C9A517FAC45D00488158 /* Release */,
			);
			defaultConfigurationIsVisible = 0;
			defaultConfigurationName = Release;
		};
		D080C9A617FAC45D00488158 /* Build configuration list for PBXNativeTarget "bukalapak" */ = {
			isa = XCConfigurationList;
			buildConfigurations = (
				D080C9A717FAC45D00488158 /* Debug */,
				D080C9A817FAC45D00488158 /* Release */,
			);
			defaultConfigurationIsVisible = 0;
		};
		D080C9A917FAC45D00488158 /* Build configuration list for PBXNativeTarget "bukalapakTests" */ = {
			isa = XCConfigurationList;
			buildConfigurations = (
				D080C9AA17FAC45D00488158 /* Debug */,
				D080C9AB17FAC45D00488158 /* Release */,
			);
			defaultConfigurationIsVisible = 0;
		};
/* End XCConfigurationList section */
	};
	rootObject = D080C97217FAC45D00488158 /* Project object */;
}
